// !$*UTF8*$!
{
	archiveVersion = 1;
	classes = {
	};
	objectVersion = 55;
	objects = {

/* Begin PBXBuildFile section */
		78A1E5D527CFCC670093D4EF /* EndPoints.swift in Sources */ = {isa = PBXBuildFile; fileRef = 78A1E5D427CFCC670093D4EF /* EndPoints.swift */; };
		78A1E5D727CFCCA60093D4EF /* NetworkManager.swift in Sources */ = {isa = PBXBuildFile; fileRef = 78A1E5D627CFCCA60093D4EF /* NetworkManager.swift */; };
		78A1E5D927CFCD240093D4EF /* URLRequest+Extension.swift in Sources */ = {isa = PBXBuildFile; fileRef = 78A1E5D827CFCD240093D4EF /* URLRequest+Extension.swift */; };
		78A1E5DB27CFCD5B0093D4EF /* ServiceError.swift in Sources */ = {isa = PBXBuildFile; fileRef = 78A1E5DA27CFCD5B0093D4EF /* ServiceError.swift */; };
		78A1E5DD27CFCD910093D4EF /* ApiRequest.swift in Sources */ = {isa = PBXBuildFile; fileRef = 78A1E5DC27CFCD910093D4EF /* ApiRequest.swift */; };
		78A1E5DF27CFCDC30093D4EF /* PhotoSearchGallaryApp.swift in Sources */ = {isa = PBXBuildFile; fileRef = 78A1E5DE27CFCDC30093D4EF /* PhotoSearchGallaryApp.swift */; };
		78A1E62227CFE1050093D4EF /* ImageCache.swift in Sources */ = {isa = PBXBuildFile; fileRef = 78A1E61127CFE1040093D4EF /* ImageCache.swift */; };
		78A1E62327CFE1050093D4EF /* UrlImageView.swift in Sources */ = {isa = PBXBuildFile; fileRef = 78A1E61227CFE1040093D4EF /* UrlImageView.swift */; };
		78A1E62427CFE1050093D4EF /* UrlImageModel.swift in Sources */ = {isa = PBXBuildFile; fileRef = 78A1E61327CFE1040093D4EF /* UrlImageModel.swift */; };
		78A1E62527CFE1050093D4EF /* Rechability.swift in Sources */ = {isa = PBXBuildFile; fileRef = 78A1E61527CFE1040093D4EF /* Rechability.swift */; };
		78A1E62627CFE1050093D4EF /* Assets.xcassets in Resources */ = {isa = PBXBuildFile; fileRef = 78A1E61627CFE1040093D4EF /* Assets.xcassets */; };
		78A1E62727CFE1050093D4EF /* PhotoSearchViewModel.swift in Sources */ = {isa = PBXBuildFile; fileRef = 78A1E61927CFE1040093D4EF /* PhotoSearchViewModel.swift */; };
		78A1E62827CFE1050093D4EF /* CardView.swift in Sources */ = {isa = PBXBuildFile; fileRef = 78A1E61A27CFE1040093D4EF /* CardView.swift */; };
		78A1E62927CFE1050093D4EF /* PhotoDetail.swift in Sources */ = {isa = PBXBuildFile; fileRef = 78A1E61B27CFE1050093D4EF /* PhotoDetail.swift */; };
		78A1E62A27CFE1050093D4EF /* SearchResponse.swift in Sources */ = {isa = PBXBuildFile; fileRef = 78A1E61C27CFE1050093D4EF /* SearchResponse.swift */; };
		78A1E62B27CFE1050093D4EF /* PhotoSearchView.swift in Sources */ = {isa = PBXBuildFile; fileRef = 78A1E61D27CFE1050093D4EF /* PhotoSearchView.swift */; };
		78A1E62C27CFE1050093D4EF /* Preview Assets.xcassets in Resources */ = {isa = PBXBuildFile; fileRef = 78A1E61F27CFE1050093D4EF /* Preview Assets.xcassets */; };
		78A1E62D27CFE1050093D4EF /* SearchRepository.swift in Sources */ = {isa = PBXBuildFile; fileRef = 78A1E62127CFE1050093D4EF /* SearchRepository.swift */; };
		78A1E63E27CFE53E0093D4EF /* PhotoSearchViewModelTests.swift in Sources */ = {isa = PBXBuildFile; fileRef = 78A1E63D27CFE53E0093D4EF /* PhotoSearchViewModelTests.swift */; };
		78A1E64027CFE6760093D4EF /* Search_Success_Responce.json in Resources */ = {isa = PBXBuildFile; fileRef = 78A1E63F27CFE6760093D4EF /* Search_Success_Responce.json */; };
		78A1E64227CFE6F70093D4EF /* MockNetworkManager.swift in Sources */ = {isa = PBXBuildFile; fileRef = 78A1E64127CFE6F70093D4EF /* MockNetworkManager.swift */; };
/* End PBXBuildFile section */

/* Begin PBXContainerItemProxy section */
		78A1E63827CFE4810093D4EF /* PBXContainerItemProxy */ = {
			isa = PBXContainerItemProxy;
			containerPortal = 78A1E52427CF9BFE0093D4EF /* Project object */;
			proxyType = 1;
			remoteGlobalIDString = 78A1E52B27CF9BFE0093D4EF;
			remoteInfo = FilckerSearch;
		};
/* End PBXContainerItemProxy section */

/* Begin PBXFileReference section */
		78A1E52C27CF9BFE0093D4EF /* FilckerSearch.app */ = {isa = PBXFileReference; explicitFileType = wrapper.application; includeInIndex = 0; path = FilckerSearch.app; sourceTree = BUILT_PRODUCTS_DIR; };
		78A1E5D427CFCC670093D4EF /* EndPoints.swift */ = {isa = PBXFileReference; lastKnownFileType = sourcecode.swift; path = EndPoints.swift; sourceTree = "<group>"; };
		78A1E5D627CFCCA60093D4EF /* NetworkManager.swift */ = {isa = PBXFileReference; lastKnownFileType = sourcecode.swift; path = NetworkManager.swift; sourceTree = "<group>"; };
		78A1E5D827CFCD240093D4EF /* URLRequest+Extension.swift */ = {isa = PBXFileReference; lastKnownFileType = sourcecode.swift; path = "URLRequest+Extension.swift"; sourceTree = "<group>"; };
		78A1E5DA27CFCD5B0093D4EF /* ServiceError.swift */ = {isa = PBXFileReference; lastKnownFileType = sourcecode.swift; path = ServiceError.swift; sourceTree = "<group>"; };
		78A1E5DC27CFCD910093D4EF /* ApiRequest.swift */ = {isa = PBXFileReference; lastKnownFileType = sourcecode.swift; path = ApiRequest.swift; sourceTree = "<group>"; };
		78A1E5DE27CFCDC30093D4EF /* PhotoSearchGallaryApp.swift */ = {isa = PBXFileReference; lastKnownFileType = sourcecode.swift; path = PhotoSearchGallaryApp.swift; sourceTree = "<group>"; };
		78A1E61127CFE1040093D4EF /* ImageCache.swift */ = {isa = PBXFileReference; fileEncoding = 4; lastKnownFileType = sourcecode.swift; path = ImageCache.swift; sourceTree = "<group>"; };
		78A1E61227CFE1040093D4EF /* UrlImageView.swift */ = {isa = PBXFileReference; fileEncoding = 4; lastKnownFileType = sourcecode.swift; path = UrlImageView.swift; sourceTree = "<group>"; };
		78A1E61327CFE1040093D4EF /* UrlImageModel.swift */ = {isa = PBXFileReference; fileEncoding = 4; lastKnownFileType = sourcecode.swift; path = UrlImageModel.swift; sourceTree = "<group>"; };
		78A1E61527CFE1040093D4EF /* Rechability.swift */ = {isa = PBXFileReference; fileEncoding = 4; lastKnownFileType = sourcecode.swift; path = Rechability.swift; sourceTree = "<group>"; };
		78A1E61627CFE1040093D4EF /* Assets.xcassets */ = {isa = PBXFileReference; lastKnownFileType = folder.assetcatalog; path = Assets.xcassets; sourceTree = "<group>"; };
		78A1E61927CFE1040093D4EF /* PhotoSearchViewModel.swift */ = {isa = PBXFileReference; fileEncoding = 4; lastKnownFileType = sourcecode.swift; path = PhotoSearchViewModel.swift; sourceTree = "<group>"; };
		78A1E61A27CFE1040093D4EF /* CardView.swift */ = {isa = PBXFileReference; fileEncoding = 4; lastKnownFileType = sourcecode.swift; path = CardView.swift; sourceTree = "<group>"; };
		78A1E61B27CFE1050093D4EF /* PhotoDetail.swift */ = {isa = PBXFileReference; fileEncoding = 4; lastKnownFileType = sourcecode.swift; path = PhotoDetail.swift; sourceTree = "<group>"; };
		78A1E61C27CFE1050093D4EF /* SearchResponse.swift */ = {isa = PBXFileReference; fileEncoding = 4; lastKnownFileType = sourcecode.swift; path = SearchResponse.swift; sourceTree = "<group>"; };
		78A1E61D27CFE1050093D4EF /* PhotoSearchView.swift */ = {isa = PBXFileReference; fileEncoding = 4; lastKnownFileType = sourcecode.swift; path = PhotoSearchView.swift; sourceTree = "<group>"; };
		78A1E61F27CFE1050093D4EF /* Preview Assets.xcassets */ = {isa = PBXFileReference; lastKnownFileType = folder.assetcatalog; path = "Preview Assets.xcassets"; sourceTree = "<group>"; };
		78A1E62127CFE1050093D4EF /* SearchRepository.swift */ = {isa = PBXFileReference; fileEncoding = 4; lastKnownFileType = sourcecode.swift; path = SearchRepository.swift; sourceTree = "<group>"; };
		78A1E63427CFE4810093D4EF /* FilckerSearchTests.xctest */ = {isa = PBXFileReference; explicitFileType = wrapper.cfbundle; includeInIndex = 0; path = FilckerSearchTests.xctest; sourceTree = BUILT_PRODUCTS_DIR; };
		78A1E63D27CFE53E0093D4EF /* PhotoSearchViewModelTests.swift */ = {isa = PBXFileReference; lastKnownFileType = sourcecode.swift; path = PhotoSearchViewModelTests.swift; sourceTree = "<group>"; };
		78A1E63F27CFE6760093D4EF /* Search_Success_Responce.json */ = {isa = PBXFileReference; lastKnownFileType = text.json; path = Search_Success_Responce.json; sourceTree = "<group>"; };
		78A1E64127CFE6F70093D4EF /* MockNetworkManager.swift */ = {isa = PBXFileReference; lastKnownFileType = sourcecode.swift; path = MockNetworkManager.swift; sourceTree = "<group>"; };
/* End PBXFileReference section */

/* Begin PBXFrameworksBuildPhase section */
		78A1E52927CF9BFE0093D4EF /* Frameworks */ = {
			isa = PBXFrameworksBuildPhase;
			buildActionMask = 2147483647;
			files = (
			);
			runOnlyForDeploymentPostprocessing = 0;
		};
		78A1E63127CFE4810093D4EF /* Frameworks */ = {
			isa = PBXFrameworksBuildPhase;
			buildActionMask = 2147483647;
			files = (
			);
			runOnlyForDeploymentPostprocessing = 0;
		};
/* End PBXFrameworksBuildPhase section */

/* Begin PBXGroup section */
		78A1E52327CF9BFE0093D4EF = {
			isa = PBXGroup;
			children = (
				78A1E52E27CF9BFE0093D4EF /* FilckerSearch */,
				78A1E63527CFE4810093D4EF /* FilckerSearchTests */,
				78A1E52D27CF9BFE0093D4EF /* Products */,
			);
			sourceTree = "<group>";
		};
		78A1E52D27CF9BFE0093D4EF /* Products */ = {
			isa = PBXGroup;
			children = (
				78A1E52C27CF9BFE0093D4EF /* FilckerSearch.app */,
				78A1E63427CFE4810093D4EF /* FilckerSearchTests.xctest */,
			);
			name = Products;
			sourceTree = "<group>";
		};
		78A1E52E27CF9BFE0093D4EF /* FilckerSearch */ = {
			isa = PBXGroup;
			children = (
				78A1E5D327CFCC210093D4EF /* Networking */,
				78A1E61627CFE1040093D4EF /* Assets.xcassets */,
				78A1E61027CFE1040093D4EF /* ImageDownloaderCacher */,
				78A1E61727CFE1040093D4EF /* Module */,
				78A1E61E27CFE1050093D4EF /* Preview Content */,
				78A1E62027CFE1050093D4EF /* Repository */,
				78A1E61427CFE1040093D4EF /* Utility */,
			);
			path = FilckerSearch;
			sourceTree = "<group>";
		};
		78A1E5D327CFCC210093D4EF /* Networking */ = {
			isa = PBXGroup;
			children = (
				78A1E5D427CFCC670093D4EF /* EndPoints.swift */,
				78A1E5D627CFCCA60093D4EF /* NetworkManager.swift */,
				78A1E5D827CFCD240093D4EF /* URLRequest+Extension.swift */,
				78A1E5DA27CFCD5B0093D4EF /* ServiceError.swift */,
				78A1E5DC27CFCD910093D4EF /* ApiRequest.swift */,
				78A1E5DE27CFCDC30093D4EF /* PhotoSearchGallaryApp.swift */,
			);
			path = Networking;
			sourceTree = "<group>";
		};
		78A1E61027CFE1040093D4EF /* ImageDownloaderCacher */ = {
			isa = PBXGroup;
			children = (
				78A1E61127CFE1040093D4EF /* ImageCache.swift */,
				78A1E61227CFE1040093D4EF /* UrlImageView.swift */,
				78A1E61327CFE1040093D4EF /* UrlImageModel.swift */,
			);
			path = ImageDownloaderCacher;
			sourceTree = "<group>";
		};
		78A1E61427CFE1040093D4EF /* Utility */ = {
			isa = PBXGroup;
			children = (
				78A1E61527CFE1040093D4EF /* Rechability.swift */,
			);
			path = Utility;
			sourceTree = "<group>";
		};
		78A1E61727CFE1040093D4EF /* Module */ = {
			isa = PBXGroup;
			children = (
				78A1E61827CFE1040093D4EF /* Search */,
			);
			path = Module;
			sourceTree = "<group>";
		};
		78A1E61827CFE1040093D4EF /* Search */ = {
			isa = PBXGroup;
			children = (
				78A1E61927CFE1040093D4EF /* PhotoSearchViewModel.swift */,
				78A1E61A27CFE1040093D4EF /* CardView.swift */,
				78A1E61B27CFE1050093D4EF /* PhotoDetail.swift */,
				78A1E61C27CFE1050093D4EF /* SearchResponse.swift */,
				78A1E61D27CFE1050093D4EF /* PhotoSearchView.swift */,
			);
			path = Search;
			sourceTree = "<group>";
		};
		78A1E61E27CFE1050093D4EF /* Preview Content */ = {
			isa = PBXGroup;
			children = (
				78A1E61F27CFE1050093D4EF /* Preview Assets.xcassets */,
			);
			path = "Preview Content";
			sourceTree = "<group>";
		};
		78A1E62027CFE1050093D4EF /* Repository */ = {
			isa = PBXGroup;
			children = (
				78A1E62127CFE1050093D4EF /* SearchRepository.swift */,
			);
			path = Repository;
			sourceTree = "<group>";
		};
		78A1E63527CFE4810093D4EF /* FilckerSearchTests */ = {
			isa = PBXGroup;
			children = (
				78A1E63D27CFE53E0093D4EF /* PhotoSearchViewModelTests.swift */,
				78A1E63F27CFE6760093D4EF /* Search_Success_Responce.json */,
				78A1E64127CFE6F70093D4EF /* MockNetworkManager.swift */,
			);
			path = FilckerSearchTests;
			sourceTree = "<group>";
		};
/* End PBXGroup section */

/* Begin PBXNativeTarget section */
		78A1E52B27CF9BFE0093D4EF /* FilckerSearch */ = {
			isa = PBXNativeTarget;
			buildConfigurationList = 78A1E55027CF9C000093D4EF /* Build configuration list for PBXNativeTarget "FilckerSearch" */;
			buildPhases = (
				78A1E52827CF9BFE0093D4EF /* Sources */,
				78A1E52927CF9BFE0093D4EF /* Frameworks */,
				78A1E52A27CF9BFE0093D4EF /* Resources */,
			);
			buildRules = (
			);
			dependencies = (
			);
			name = FilckerSearch;
			productName = FilckerSearch;
			productReference = 78A1E52C27CF9BFE0093D4EF /* FilckerSearch.app */;
			productType = "com.apple.product-type.application";
		};
		78A1E63327CFE4810093D4EF /* FilckerSearchTests */ = {
			isa = PBXNativeTarget;
			buildConfigurationList = 78A1E63A27CFE4810093D4EF /* Build configuration list for PBXNativeTarget "FilckerSearchTests" */;
			buildPhases = (
				78A1E63027CFE4810093D4EF /* Sources */,
				78A1E63127CFE4810093D4EF /* Frameworks */,
				78A1E63227CFE4810093D4EF /* Resources */,
			);
			buildRules = (
			);
			dependencies = (
				78A1E63927CFE4810093D4EF /* PBXTargetDependency */,
			);
			name = FilckerSearchTests;
			productName = FilckerSearchTests;
			productReference = 78A1E63427CFE4810093D4EF /* FilckerSearchTests.xctest */;
			productType = "com.apple.product-type.bundle.unit-test";
		};
/* End PBXNativeTarget section */

/* Begin PBXProject section */
		78A1E52427CF9BFE0093D4EF /* Project object */ = {
			isa = PBXProject;
			attributes = {
				BuildIndependentTargetsInParallel = 1;
				LastSwiftUpdateCheck = 1320;
				LastUpgradeCheck = 1320;
				TargetAttributes = {
					78A1E52B27CF9BFE0093D4EF = {
						CreatedOnToolsVersion = 13.2.1;
					};
					78A1E63327CFE4810093D4EF = {
						CreatedOnToolsVersion = 13.2.1;
						LastSwiftMigration = 1320;
						TestTargetID = 78A1E52B27CF9BFE0093D4EF;
					};
				};
			};
			buildConfigurationList = 78A1E52727CF9BFE0093D4EF /* Build configuration list for PBXProject "FilckerSearch" */;
			compatibilityVersion = "Xcode 13.0";
			developmentRegion = en;
			hasScannedForEncodings = 0;
			knownRegions = (
				en,
				Base,
			);
			mainGroup = 78A1E52327CF9BFE0093D4EF;
			productRefGroup = 78A1E52D27CF9BFE0093D4EF /* Products */;
			projectDirPath = "";
			projectRoot = "";
			targets = (
				78A1E52B27CF9BFE0093D4EF /* FilckerSearch */,
				78A1E63327CFE4810093D4EF /* FilckerSearchTests */,
			);
		};
/* End PBXProject section */

/* Begin PBXResourcesBuildPhase section */
		78A1E52A27CF9BFE0093D4EF /* Resources */ = {
			isa = PBXResourcesBuildPhase;
			buildActionMask = 2147483647;
			files = (
				78A1E62627CFE1050093D4EF /* Assets.xcassets in Resources */,
				78A1E62C27CFE1050093D4EF /* Preview Assets.xcassets in Resources */,
			);
			runOnlyForDeploymentPostprocessing = 0;
		};
		78A1E63227CFE4810093D4EF /* Resources */ = {
			isa = PBXResourcesBuildPhase;
			buildActionMask = 2147483647;
			files = (
				78A1E64027CFE6760093D4EF /* Search_Success_Responce.json in Resources */,
			);
			runOnlyForDeploymentPostprocessing = 0;
		};
/* End PBXResourcesBuildPhase section */

/* Begin PBXSourcesBuildPhase section */
		78A1E52827CF9BFE0093D4EF /* Sources */ = {
			isa = PBXSourcesBuildPhase;
			buildActionMask = 2147483647;
			files = (
				78A1E62927CFE1050093D4EF /* PhotoDetail.swift in Sources */,
				78A1E5D727CFCCA60093D4EF /* NetworkManager.swift in Sources */,
				78A1E62327CFE1050093D4EF /* UrlImageView.swift in Sources */,
				78A1E62B27CFE1050093D4EF /* PhotoSearchView.swift in Sources */,
				78A1E62227CFE1050093D4EF /* ImageCache.swift in Sources */,
				78A1E5DF27CFCDC30093D4EF /* PhotoSearchGallaryApp.swift in Sources */,
				78A1E5DD27CFCD910093D4EF /* ApiRequest.swift in Sources */,
				78A1E62427CFE1050093D4EF /* UrlImageModel.swift in Sources */,
				78A1E5D927CFCD240093D4EF /* URLRequest+Extension.swift in Sources */,
				78A1E62727CFE1050093D4EF /* PhotoSearchViewModel.swift in Sources */,
				78A1E62D27CFE1050093D4EF /* SearchRepository.swift in Sources */,
				78A1E62527CFE1050093D4EF /* Rechability.swift in Sources */,
				78A1E62A27CFE1050093D4EF /* SearchResponse.swift in Sources */,
				78A1E5DB27CFCD5B0093D4EF /* ServiceError.swift in Sources */,
				78A1E62827CFE1050093D4EF /* CardView.swift in Sources */,
				78A1E5D527CFCC670093D4EF /* EndPoints.swift in Sources */,
			);
			runOnlyForDeploymentPostprocessing = 0;
		};
		78A1E63027CFE4810093D4EF /* Sources */ = {
			isa = PBXSourcesBuildPhase;
			buildActionMask = 2147483647;
			files = (
				78A1E64227CFE6F70093D4EF /* MockNetworkManager.swift in Sources */,
				78A1E63E27CFE53E0093D4EF /* PhotoSearchViewModelTests.swift in Sources */,
			);
			runOnlyForDeploymentPostprocessing = 0;
		};
/* End PBXSourcesBuildPhase section */

/* Begin PBXTargetDependency section */
		78A1E63927CFE4810093D4EF /* PBXTargetDependency */ = {
			isa = PBXTargetDependency;
			target = 78A1E52B27CF9BFE0093D4EF /* FilckerSearch */;
			targetProxy = 78A1E63827CFE4810093D4EF /* PBXContainerItemProxy */;
		};
/* End PBXTargetDependency section */

/* Begin XCBuildConfiguration section */
		78A1E54E27CF9C000093D4EF /* Debug */ = {
			isa = XCBuildConfiguration;
			buildSettings = {
				ALWAYS_SEARCH_USER_PATHS = NO;
				CLANG_ANALYZER_NONNULL = YES;
				CLANG_ANALYZER_NUMBER_OBJECT_CONVERSION = YES_AGGRESSIVE;
				CLANG_CXX_LANGUAGE_STANDARD = "gnu++17";
				CLANG_CXX_LIBRARY = "libc++";
				CLANG_ENABLE_MODULES = YES;
				CLANG_ENABLE_OBJC_ARC = YES;
				CLANG_ENABLE_OBJC_WEAK = YES;
				CLANG_WARN_BLOCK_CAPTURE_AUTORELEASING = YES;
				CLANG_WARN_BOOL_CONVERSION = YES;
				CLANG_WARN_COMMA = YES;
				CLANG_WARN_CONSTANT_CONVERSION = YES;
				CLANG_WARN_DEPRECATED_OBJC_IMPLEMENTATIONS = YES;
				CLANG_WARN_DIRECT_OBJC_ISA_USAGE = YES_ERROR;
				CLANG_WARN_DOCUMENTATION_COMMENTS = YES;
				CLANG_WARN_EMPTY_BODY = YES;
				CLANG_WARN_ENUM_CONVERSION = YES;
				CLANG_WARN_INFINITE_RECURSION = YES;
				CLANG_WARN_INT_CONVERSION = YES;
				CLANG_WARN_NON_LITERAL_NULL_CONVERSION = YES;
				CLANG_WARN_OBJC_IMPLICIT_RETAIN_SELF = YES;
				CLANG_WARN_OBJC_LITERAL_CONVERSION = YES;
				CLANG_WARN_OBJC_ROOT_CLASS = YES_ERROR;
				CLANG_WARN_QUOTED_INCLUDE_IN_FRAMEWORK_HEADER = YES;
				CLANG_WARN_RANGE_LOOP_ANALYSIS = YES;
				CLANG_WARN_STRICT_PROTOTYPES = YES;
				CLANG_WARN_SUSPICIOUS_MOVE = YES;
				CLANG_WARN_UNGUARDED_AVAILABILITY = YES_AGGRESSIVE;
				CLANG_WARN_UNREACHABLE_CODE = YES;
				CLANG_WARN__DUPLICATE_METHOD_MATCH = YES;
				COPY_PHASE_STRIP = NO;
				DEBUG_INFORMATION_FORMAT = dwarf;
				ENABLE_STRICT_OBJC_MSGSEND = YES;
				ENABLE_TESTABILITY = YES;
				GCC_C_LANGUAGE_STANDARD = gnu11;
				GCC_DYNAMIC_NO_PIC = NO;
				GCC_NO_COMMON_BLOCKS = YES;
				GCC_OPTIMIZATION_LEVEL = 0;
				GCC_PREPROCESSOR_DEFINITIONS = (
					"DEBUG=1",
					"$(inherited)",
				);
				GCC_WARN_64_TO_32_BIT_CONVERSION = YES;
				GCC_WARN_ABOUT_RETURN_TYPE = YES_ERROR;
				GCC_WARN_UNDECLARED_SELECTOR = YES;
				GCC_WARN_UNINITIALIZED_AUTOS = YES_AGGRESSIVE;
				GCC_WARN_UNUSED_FUNCTION = YES;
				GCC_WARN_UNUSED_VARIABLE = YES;
				IPHONEOS_DEPLOYMENT_TARGET = 15.2;
				MTL_ENABLE_DEBUG_INFO = INCLUDE_SOURCE;
				MTL_FAST_MATH = YES;
				ONLY_ACTIVE_ARCH = YES;
				SDKROOT = iphoneos;
				SWIFT_ACTIVE_COMPILATION_CONDITIONS = DEBUG;
				SWIFT_OPTIMIZATION_LEVEL = "-Onone";
			};
			name = Debug;
		};
		78A1E54F27CF9C000093D4EF /* Release */ = {
			isa = XCBuildConfiguration;
			buildSettings = {
				ALWAYS_SEARCH_USER_PATHS = NO;
				CLANG_ANALYZER_NONNULL = YES;
				CLANG_ANALYZER_NUMBER_OBJECT_CONVERSION = YES_AGGRESSIVE;
				CLANG_CXX_LANGUAGE_STANDARD = "gnu++17";
				CLANG_CXX_LIBRARY = "libc++";
				CLANG_ENABLE_MODULES = YES;
				CLANG_ENABLE_OBJC_ARC = YES;
				CLANG_ENABLE_OBJC_WEAK = YES;
				CLANG_WARN_BLOCK_CAPTURE_AUTORELEASING = YES;
				CLANG_WARN_BOOL_CONVERSION = YES;
				CLANG_WARN_COMMA = YES;
				CLANG_WARN_CONSTANT_CONVERSION = YES;
				CLANG_WARN_DEPRECATED_OBJC_IMPLEMENTATIONS = YES;
				CLANG_WARN_DIRECT_OBJC_ISA_USAGE = YES_ERROR;
				CLANG_WARN_DOCUMENTATION_COMMENTS = YES;
				CLANG_WARN_EMPTY_BODY = YES;
				CLANG_WARN_ENUM_CONVERSION = YES;
				CLANG_WARN_INFINITE_RECURSION = YES;
				CLANG_WARN_INT_CONVERSION = YES;
				CLANG_WARN_NON_LITERAL_NULL_CONVERSION = YES;
				CLANG_WARN_OBJC_IMPLICIT_RETAIN_SELF = YES;
				CLANG_WARN_OBJC_LITERAL_CONVERSION = YES;
				CLANG_WARN_OBJC_ROOT_CLASS = YES_ERROR;
				CLANG_WARN_QUOTED_INCLUDE_IN_FRAMEWORK_HEADER = YES;
				CLANG_WARN_RANGE_LOOP_ANALYSIS = YES;
				CLANG_WARN_STRICT_PROTOTYPES = YES;
				CLANG_WARN_SUSPICIOUS_MOVE = YES;
				CLANG_WARN_UNGUARDED_AVAILABILITY = YES_AGGRESSIVE;
				CLANG_WARN_UNREACHABLE_CODE = YES;
				CLANG_WARN__DUPLICATE_METHOD_MATCH = YES;
				COPY_PHASE_STRIP = NO;
				DEBUG_INFORMATION_FORMAT = "dwarf-with-dsym";
				ENABLE_NS_ASSERTIONS = NO;
				ENABLE_STRICT_OBJC_MSGSEND = YES;
				GCC_C_LANGUAGE_STANDARD = gnu11;
				GCC_NO_COMMON_BLOCKS = YES;
				GCC_WARN_64_TO_32_BIT_CONVERSION = YES;
				GCC_WARN_ABOUT_RETURN_TYPE = YES_ERROR;
				GCC_WARN_UNDECLARED_SELECTOR = YES;
				GCC_WARN_UNINITIALIZED_AUTOS = YES_AGGRESSIVE;
				GCC_WARN_UNUSED_FUNCTION = YES;
				GCC_WARN_UNUSED_VARIABLE = YES;
				IPHONEOS_DEPLOYMENT_TARGET = 15.2;
				MTL_ENABLE_DEBUG_INFO = NO;
				MTL_FAST_MATH = YES;
				SDKROOT = iphoneos;
				SWIFT_COMPILATION_MODE = wholemodule;
				SWIFT_OPTIMIZATION_LEVEL = "-O";
				VALIDATE_PRODUCT = YES;
			};
			name = Release;
		};
		78A1E55127CF9C000093D4EF /* Debug */ = {
			isa = XCBuildConfiguration;
			buildSettings = {
				ASSETCATALOG_COMPILER_APPICON_NAME = AppIcon;
				ASSETCATALOG_COMPILER_GLOBAL_ACCENT_COLOR_NAME = AccentColor;
				CODE_SIGN_STYLE = Automatic;
				CURRENT_PROJECT_VERSION = 1;
				DEVELOPMENT_ASSET_PATHS = "\"FilckerSearch/Preview Content\"";
				ENABLE_PREVIEWS = YES;
				GENERATE_INFOPLIST_FILE = YES;
				INFOPLIST_KEY_UIApplicationSceneManifest_Generation = YES;
				INFOPLIST_KEY_UIApplicationSupportsIndirectInputEvents = YES;
				INFOPLIST_KEY_UILaunchScreen_Generation = YES;
				INFOPLIST_KEY_UISupportedInterfaceOrientations_iPad = "UIInterfaceOrientationPortrait UIInterfaceOrientationPortraitUpsideDown UIInterfaceOrientationLandscapeLeft UIInterfaceOrientationLandscapeRight";
				INFOPLIST_KEY_UISupportedInterfaceOrientations_iPhone = "UIInterfaceOrientationPortrait UIInterfaceOrientationLandscapeLeft UIInterfaceOrientationLandscapeRight";
				LD_RUNPATH_SEARCH_PATHS = (
					"$(inherited)",
					"@executable_path/Frameworks",
				);
				MARKETING_VERSION = 1.0;
				PRODUCT_BUNDLE_IDENTIFIER = udaysolutions.FilckerSearch;
				PRODUCT_NAME = "$(TARGET_NAME)";
				SWIFT_EMIT_LOC_STRINGS = YES;
				SWIFT_VERSION = 5.0;
				TARGETED_DEVICE_FAMILY = "1,2";
			};
			name = Debug;
		};
		78A1E55227CF9C000093D4EF /* Release */ = {
			isa = XCBuildConfiguration;
			buildSettings = {
				ASSETCATALOG_COMPILER_APPICON_NAME = AppIcon;
				ASSETCATALOG_COMPILER_GLOBAL_ACCENT_COLOR_NAME = AccentColor;
				CODE_SIGN_STYLE = Automatic;
				CURRENT_PROJECT_VERSION = 1;
				DEVELOPMENT_ASSET_PATHS = "\"FilckerSearch/Preview Content\"";
				ENABLE_PREVIEWS = YES;
				GENERATE_INFOPLIST_FILE = YES;
				INFOPLIST_KEY_UIApplicationSceneManifest_Generation = YES;
				INFOPLIST_KEY_UIApplicationSupportsIndirectInputEvents = YES;
				INFOPLIST_KEY_UILaunchScreen_Generation = YES;
				INFOPLIST_KEY_UISupportedInterfaceOrientations_iPad = "UIInterfaceOrientationPortrait UIInterfaceOrientationPortraitUpsideDown UIInterfaceOrientationLandscapeLeft UIInterfaceOrientationLandscapeRight";
				INFOPLIST_KEY_UISupportedInterfaceOrientations_iPhone = "UIInterfaceOrientationPortrait UIInterfaceOrientationLandscapeLeft UIInterfaceOrientationLandscapeRight";
				LD_RUNPATH_SEARCH_PATHS = (
					"$(inherited)",
					"@executable_path/Frameworks",
				);
				MARKETING_VERSION = 1.0;
				PRODUCT_BUNDLE_IDENTIFIER = udaysolutions.FilckerSearch;
				PRODUCT_NAME = "$(TARGET_NAME)";
				SWIFT_EMIT_LOC_STRINGS = YES;
				SWIFT_VERSION = 5.0;
				TARGETED_DEVICE_FAMILY = "1,2";
			};
			name = Release;
		};
		78A1E63B27CFE4810093D4EF /* Debug */ = {
			isa = XCBuildConfiguration;
			buildSettings = {
				BUNDLE_LOADER = "$(TEST_HOST)";
				CLANG_ENABLE_MODULES = YES;
				CODE_SIGN_STYLE = Automatic;
				CURRENT_PROJECT_VERSION = 1;
				GENERATE_INFOPLIST_FILE = YES;
				LD_RUNPATH_SEARCH_PATHS = (
					"$(inherited)",
					"@executable_path/Frameworks",
					"@loader_path/Frameworks",
				);
				MARKETING_VERSION = 1.0;
				PRODUCT_BUNDLE_IDENTIFIER = udaysolutions.FilckerSearchTests;
				PRODUCT_NAME = "$(TARGET_NAME)";
				SWIFT_EMIT_LOC_STRINGS = NO;
				SWIFT_OPTIMIZATION_LEVEL = "-Onone";
				SWIFT_VERSION = 5.0;
				TARGETED_DEVICE_FAMILY = "1,2";
				TEST_HOST = "$(BUILT_PRODUCTS_DIR)/FilckerSearch.app/FilckerSearch";
			};
			name = Debug;
		};
		78A1E63C27CFE4810093D4EF /* Release */ = {
			isa = XCBuildConfiguration;
			buildSettings = {
				BUNDLE_LOADER = "$(TEST_HOST)";
				CLANG_ENABLE_MODULES = YES;
				CODE_SIGN_STYLE = Automatic;
				CURRENT_PROJECT_VERSION = 1;
				GENERATE_INFOPLIST_FILE = YES;
				LD_RUNPATH_SEARCH_PATHS = (
					"$(inherited)",
					"@executable_path/Frameworks",
					"@loader_path/Frameworks",
				);
				MARKETING_VERSION = 1.0;
				PRODUCT_BUNDLE_IDENTIFIER = udaysolutions.FilckerSearchTests;
				PRODUCT_NAME = "$(TARGET_NAME)";
				SWIFT_EMIT_LOC_STRINGS = NO;
				SWIFT_VERSION = 5.0;
				TARGETED_DEVICE_FAMILY = "1,2";
				TEST_HOST = "$(BUILT_PRODUCTS_DIR)/FilckerSearch.app/FilckerSearch";
			};
			name = Release;
		};
/* End XCBuildConfiguration section */

/* Begin XCConfigurationList section */
		78A1E52727CF9BFE0093D4EF /* Build configuration list for PBXProject "FilckerSearch" */ = {
			isa = XCConfigurationList;
			buildConfigurations = (
				78A1E54E27CF9C000093D4EF /* Debug */,
				78A1E54F27CF9C000093D4EF /* Release */,
			);
			defaultConfigurationIsVisible = 0;
			defaultConfigurationName = Release;
		};
		78A1E55027CF9C000093D4EF /* Build configuration list for PBXNativeTarget "FilckerSearch" */ = {
			isa = XCConfigurationList;
			buildConfigurations = (
				78A1E55127CF9C000093D4EF /* Debug */,
				78A1E55227CF9C000093D4EF /* Release */,
			);
			defaultConfigurationIsVisible = 0;
			defaultConfigurationName = Release;
		};
		78A1E63A27CFE4810093D4EF /* Build configuration list for PBXNativeTarget "FilckerSearchTests" */ = {
			isa = XCConfigurationList;
			buildConfigurations = (
				78A1E63B27CFE4810093D4EF /* Debug */,
				78A1E63C27CFE4810093D4EF /* Release */,
			);
			defaultConfigurationIsVisible = 0;
			defaultConfigurationName = Release;
		};
/* End XCConfigurationList section */
	};
	rootObject = 78A1E52427CF9BFE0093D4EF /* Project object */;
}
